
Microsoft Visual Studio Solution File, Format Version 12.00
# Visual Studio Version 17
VisualStudioVersion = 17.3.32819.101
MinimumVisualStudioVersion = 10.0.40219.1
Project("{FAE04EC0-301F-11D3-BF4B-00C04F79EFBC}") = "WebApplication1 NorthWind N", "WebApplication1 NorthWind N.csproj", "{67863A34-5494-4B55-9A76-5EE788B25D3A}"
EndProject
Global
	GlobalSection(SolutionConfigurationPlatforms) = preSolution
		Debug|Any CPU = Debug|Any CPU
		Release|Any CPU = Release|Any CPU
	EndGlobalSection
	GlobalSection(ProjectConfigurationPlatforms) = postSolution
		{67863A34-5494-4B55-9A76-5EE788B25D3A}.Debug|Any CPU.ActiveCfg = Debug|Any CPU
		{67863A34-5494-4B55-9A76-5EE788B25D3A}.Debug|Any CPU.Build.0 = Debug|Any CPU
		{67863A34-5494-4B55-9A76-5EE788B25D3A}.Release|Any CPU.ActiveCfg = Release|Any CPU
		{67863A34-5494-4B55-9A76-5EE788B25D3A}.Release|Any CPU.Build.0 = Release|Any CPU
	EndGlobalSection
	GlobalSection(SolutionProperties) = preSolution
		HideSolutionNode = FALSE
	EndGlobalSection
	GlobalSection(ExtensibilityGlobals) = postSolution
		SolutionGuid = {3D8EDC4F-CAC6-4547-8BC8-01C37F201929}
	EndGlobalSection
EndGlobal
